
Microsoft Visual Studio Solution File, Format Version 12.00
# Visual Studio Version 17
VisualStudioVersion = 17.5.33627.172
MinimumVisualStudioVersion = 10.0.40219.1
Project("{FAE04EC0-301F-11D3-BF4B-00C04F79EFBC}") = "lab5", "lab5\lab5.csproj", "{1BBA57F7-8149-46ED-AD59-D66DBA8C975D}"
EndProject
Global
	GlobalSection(SolutionConfigurationPlatforms) = preSolution
		Debug|Any CPU = Debug|Any CPU
		Release|Any CPU = Release|Any CPU
	EndGlobalSection
	GlobalSection(ProjectConfigurationPlatforms) = postSolution
		{1BBA57F7-8149-46ED-AD59-D66DBA8C975D}.Debug|Any CPU.ActiveCfg = Debug|Any CPU
		{1BBA57F7-8149-46ED-AD59-D66DBA8C975D}.Debug|Any CPU.Build.0 = Debug|Any CPU
		{1BBA57F7-8149-46ED-AD59-D66DBA8C975D}.Release|Any CPU.ActiveCfg = Release|Any CPU
		{1BBA57F7-8149-46ED-AD59-D66DBA8C975D}.Release|Any CPU.Build.0 = Release|Any CPU
	EndGlobalSection
	GlobalSection(SolutionProperties) = preSolution
		HideSolutionNode = FALSE
	EndGlobalSection
	GlobalSection(ExtensibilityGlobals) = postSolution
		SolutionGuid = {6526B069-500C-4D41-89BE-908090F724A1}
	EndGlobalSection
EndGlobal
